
Microsoft Visual Studio Solution File, Format Version 12.00
# Visual Studio Version 17
VisualStudioVersion = 17.1.32210.238
MinimumVisualStudioVersion = 10.0.40219.1
Project("{FAE04EC0-301F-11D3-BF4B-00C04F79EFBC}") = "Tiktokcurso.Android", "Tiktokcurso\Tiktokcurso.Android\Tiktokcurso.Android.csproj", "{5986DFE3-F6DC-4351-BF83-6155B7D3E9EC}"
EndProject
Project("{FAE04EC0-301F-11D3-BF4B-00C04F79EFBC}") = "Tiktokcurso.iOS", "Tiktokcurso\Tiktokcurso.iOS\Tiktokcurso.iOS.csproj", "{9D5BB843-E31A-4D80-A4D4-DEC1FD61FD9E}"
EndProject
Project("{FAE04EC0-301F-11D3-BF4B-00C04F79EFBC}") = "Tiktokcurso", "Tiktokcurso\Tiktokcurso\Tiktokcurso.csproj", "{908DFAFB-91A2-4511-BC3B-75D05383DB39}"
EndProject
Global
	GlobalSection(SolutionConfigurationPlatforms) = preSolution
		Debug|Any CPU = Debug|Any CPU
		Debug|iPhone = Debug|iPhone
		Debug|iPhoneSimulator = Debug|iPhoneSimulator
		Release|Any CPU = Release|Any CPU
		Release|iPhone = Release|iPhone
		Release|iPhoneSimulator = Release|iPhoneSimulator
	EndGlobalSection
	GlobalSection(ProjectConfigurationPlatforms) = postSolution
		{5986DFE3-F6DC-4351-BF83-6155B7D3E9EC}.Debug|Any CPU.ActiveCfg = Debug|Any CPU
		{5986DFE3-F6DC-4351-BF83-6155B7D3E9EC}.Debug|Any CPU.Build.0 = Debug|Any CPU
		{5986DFE3-F6DC-4351-BF83-6155B7D3E9EC}.Debug|Any CPU.Deploy.0 = Debug|Any CPU
		{5986DFE3-F6DC-4351-BF83-6155B7D3E9EC}.Debug|iPhone.ActiveCfg = Debug|Any CPU
		{5986DFE3-F6DC-4351-BF83-6155B7D3E9EC}.Debug|iPhone.Build.0 = Debug|Any CPU
		{5986DFE3-F6DC-4351-BF83-6155B7D3E9EC}.Debug|iPhone.Deploy.0 = Debug|Any CPU
		{5986DFE3-F6DC-4351-BF83-6155B7D3E9EC}.Debug|iPhoneSimulator.ActiveCfg = Debug|Any CPU
		{5986DFE3-F6DC-4351-BF83-6155B7D3E9EC}.Debug|iPhoneSimulator.Build.0 = Debug|Any CPU
		{5986DFE3-F6DC-4351-BF83-6155B7D3E9EC}.Debug|iPhoneSimulator.Deploy.0 = Debug|Any CPU
		{5986DFE3-F6DC-4351-BF83-6155B7D3E9EC}.Release|Any CPU.ActiveCfg = Release|Any CPU
		{5986DFE3-F6DC-4351-BF83-6155B7D3E9EC}.Release|Any CPU.Build.0 = Release|Any CPU
		{5986DFE3-F6DC-4351-BF83-6155B7D3E9EC}.Release|Any CPU.Deploy.0 = Release|Any CPU
		{5986DFE3-F6DC-4351-BF83-6155B7D3E9EC}.Release|iPhone.ActiveCfg = Release|Any CPU
		{5986DFE3-F6DC-4351-BF83-6155B7D3E9EC}.Release|iPhone.Build.0 = Release|Any CPU
		{5986DFE3-F6DC-4351-BF83-6155B7D3E9EC}.Release|iPhone.Deploy.0 = Release|Any CPU
		{5986DFE3-F6DC-4351-BF83-6155B7D3E9EC}.Release|iPhoneSimulator.ActiveCfg = Release|Any CPU
		{5986DFE3-F6DC-4351-BF83-6155B7D3E9EC}.Release|iPhoneSimulator.Build.0 = Release|Any CPU
		{5986DFE3-F6DC-4351-BF83-6155B7D3E9EC}.Release|iPhoneSimulator.Deploy.0 = Release|Any CPU
		{9D5BB843-E31A-4D80-A4D4-DEC1FD61FD9E}.Debug|Any CPU.ActiveCfg = Debug|iPhone
		{9D5BB843-E31A-4D80-A4D4-DEC1FD61FD9E}.Debug|Any CPU.Build.0 = Debug|iPhone
		{9D5BB843-E31A-4D80-A4D4-DEC1FD61FD9E}.Debug|Any CPU.Deploy.0 = Debug|iPhone
		{9D5BB843-E31A-4D80-A4D4-DEC1FD61FD9E}.Debug|iPhone.ActiveCfg = Debug|iPhone
		{9D5BB843-E31A-4D80-A4D4-DEC1FD61FD9E}.Debug|iPhone.Build.0 = Debug|iPhone
		{9D5BB843-E31A-4D80-A4D4-DEC1FD61FD9E}.Debug|iPhone.Deploy.0 = Debug|iPhone
		{9D5BB843-E31A-4D80-A4D4-DEC1FD61FD9E}.Debug|iPhoneSimulator.ActiveCfg = Debug|iPhoneSimulator
		{9D5BB843-E31A-4D80-A4D4-DEC1FD61FD9E}.Debug|iPhoneSimulator.Build.0 = Debug|iPhoneSimulator
		{9D5BB843-E31A-4D80-A4D4-DEC1FD61FD9E}.Debug|iPhoneSimulator.Deploy.0 = Debug|iPhoneSimulator
		{9D5BB843-E31A-4D80-A4D4-DEC1FD61FD9E}.Release|Any CPU.ActiveCfg = Release|iPhoneSimulator
		{9D5BB843-E31A-4D80-A4D4-DEC1FD61FD9E}.Release|Any CPU.Build.0 = Release|iPhoneSimulator
		{9D5BB843-E31A-4D80-A4D4-DEC1FD61FD9E}.Release|Any CPU.Deploy.0 = Release|iPhoneSimulator
		{9D5BB843-E31A-4D80-A4D4-DEC1FD61FD9E}.Release|iPhone.ActiveCfg = Release|iPhone
		{9D5BB843-E31A-4D80-A4D4-DEC1FD61FD9E}.Release|iPhone.Build.0 = Release|iPhone
		{9D5BB843-E31A-4D80-A4D4-DEC1FD61FD9E}.Release|iPhone.Deploy.0 = Release|iPhone
		{9D5BB843-E31A-4D80-A4D4-DEC1FD61FD9E}.Release|iPhoneSimulator.ActiveCfg = Release|iPhoneSimulator
		{9D5BB843-E31A-4D80-A4D4-DEC1FD61FD9E}.Release|iPhoneSimulator.Build.0 = Release|iPhoneSimulator
		{9D5BB843-E31A-4D80-A4D4-DEC1FD61FD9E}.Release|iPhoneSimulator.Deploy.0 = Release|iPhoneSimulator
		{908DFAFB-91A2-4511-BC3B-75D05383DB39}.Debug|Any CPU.ActiveCfg = Debug|Any CPU
		{908DFAFB-91A2-4511-BC3B-75D05383DB39}.Debug|Any CPU.Build.0 = Debug|Any CPU
		{908DFAFB-91A2-4511-BC3B-75D05383DB39}.Debug|Any CPU.Deploy.0 = Debug|Any CPU
		{908DFAFB-91A2-4511-BC3B-75D05383DB39}.Debug|iPhone.ActiveCfg = Debug|Any CPU
		{908DFAFB-91A2-4511-BC3B-75D05383DB39}.Debug|iPhone.Build.0 = Debug|Any CPU
		{908DFAFB-91A2-4511-BC3B-75D05383DB39}.Debug|iPhone.Deploy.0 = Debug|Any CPU
		{908DFAFB-91A2-4511-BC3B-75D05383DB39}.Debug|iPhoneSimulator.ActiveCfg = Debug|Any CPU
		{908DFAFB-91A2-4511-BC3B-75D05383DB39}.Debug|iPhoneSimulator.Build.0 = Debug|Any CPU
		{908DFAFB-91A2-4511-BC3B-75D05383DB39}.Debug|iPhoneSimulator.Deploy.0 = Debug|Any CPU
		{908DFAFB-91A2-4511-BC3B-75D05383DB39}.Release|Any CPU.ActiveCfg = Release|Any CPU
		{908DFAFB-91A2-4511-BC3B-75D05383DB39}.Release|Any CPU.Build.0 = Release|Any CPU
		{908DFAFB-91A2-4511-BC3B-75D05383DB39}.Release|Any CPU.Deploy.0 = Release|Any CPU
		{908DFAFB-91A2-4511-BC3B-75D05383DB39}.Release|iPhone.ActiveCfg = Release|Any CPU
		{908DFAFB-91A2-4511-BC3B-75D05383DB39}.Release|iPhone.Build.0 = Release|Any CPU
		{908DFAFB-91A2-4511-BC3B-75D05383DB39}.Release|iPhone.Deploy.0 = Release|Any CPU
		{908DFAFB-91A2-4511-BC3B-75D05383DB39}.Release|iPhoneSimulator.ActiveCfg = Release|Any CPU
		{908DFAFB-91A2-4511-BC3B-75D05383DB39}.Release|iPhoneSimulator.Build.0 = Release|Any CPU
		{908DFAFB-91A2-4511-BC3B-75D05383DB39}.Release|iPhoneSimulator.Deploy.0 = Release|Any CPU
	EndGlobalSection
	GlobalSection(SolutionProperties) = preSolution
		HideSolutionNode = FALSE
	EndGlobalSection
	GlobalSection(ExtensibilityGlobals) = postSolution
		SolutionGuid = {114CD842-989F-4C74-865A-357EB8820132}
	EndGlobalSection
EndGlobal
